
Microsoft Visual Studio Solution File, Format Version 12.00
# Visual Studio Version 17
VisualStudioVersion = 17.4.33213.308
MinimumVisualStudioVersion = 10.0.40219.1
Project("{FAE04EC0-301F-11D3-BF4B-00C04F79EFBC}") = "OrleansDemo", "OrleansDemo\OrleansDemo.csproj", "{58276DA8-F3DD-4800-A5F6-A4EBC433B9B2}"
EndProject
Global
	GlobalSection(SolutionConfigurationPlatforms) = preSolution
		Debug|Any CPU = Debug|Any CPU
		Release|Any CPU = Release|Any CPU
	EndGlobalSection
	GlobalSection(ProjectConfigurationPlatforms) = postSolution
		{58276DA8-F3DD-4800-A5F6-A4EBC433B9B2}.Debug|Any CPU.ActiveCfg = Debug|Any CPU
		{58276DA8-F3DD-4800-A5F6-A4EBC433B9B2}.Debug|Any CPU.Build.0 = Debug|Any CPU
		{58276DA8-F3DD-4800-A5F6-A4EBC433B9B2}.Release|Any CPU.ActiveCfg = Release|Any CPU
		{58276DA8-F3DD-4800-A5F6-A4EBC433B9B2}.Release|Any CPU.Build.0 = Release|Any CPU
	EndGlobalSection
	GlobalSection(SolutionProperties) = preSolution
		HideSolutionNode = FALSE
	EndGlobalSection
	GlobalSection(ExtensibilityGlobals) = postSolution
		SolutionGuid = {143F45FD-B985-47F2-BC8E-30FC23ADF72C}
	EndGlobalSection
EndGlobal
